// !$*UTF8*$!
{
	archiveVersion = 1;
	classes = {
	};
	objectVersion = 50;
	objects = {

/* Begin PBXBuildFile section */
		B68013602215E80B00706330 /* AppDelegate.swift in Sources */ = {isa = PBXBuildFile; fileRef = B680135F2215E80B00706330 /* AppDelegate.swift */; };
		B68013622215E80B00706330 /* ViewController.swift in Sources */ = {isa = PBXBuildFile; fileRef = B68013612215E80B00706330 /* ViewController.swift */; };
		B68013652215E80B00706330 /* Main.storyboard in Resources */ = {isa = PBXBuildFile; fileRef = B68013632215E80B00706330 /* Main.storyboard */; };
		B68013672215E80C00706330 /* Assets.xcassets in Resources */ = {isa = PBXBuildFile; fileRef = B68013662215E80C00706330 /* Assets.xcassets */; };
		B680136A2215E80C00706330 /* LaunchScreen.storyboard in Resources */ = {isa = PBXBuildFile; fileRef = B68013682215E80C00706330 /* LaunchScreen.storyboard */; };
		B68013752215E80C00706330 /* CustomSliderTests.swift in Sources */ = {isa = PBXBuildFile; fileRef = B68013742215E80C00706330 /* CustomSliderTests.swift */; };
		B68013802215E80C00706330 /* CustomSliderUITests.swift in Sources */ = {isa = PBXBuildFile; fileRef = B680137F2215E80C00706330 /* CustomSliderUITests.swift */; };
		B680138E2215E84C00706330 /* CustomSlider.swift in Sources */ = {isa = PBXBuildFile; fileRef = B680138D2215E84C00706330 /* CustomSlider.swift */; };
/* End PBXBuildFile section */

/* Begin PBXContainerItemProxy section */
		B68013712215E80C00706330 /* PBXContainerItemProxy */ = {
			isa = PBXContainerItemProxy;
			containerPortal = B68013542215E80B00706330 /* Project object */;
			proxyType = 1;
			remoteGlobalIDString = B680135B2215E80B00706330;
			remoteInfo = CustomSlider;
		};
		B680137C2215E80C00706330 /* PBXContainerItemProxy */ = {
			isa = PBXContainerItemProxy;
			containerPortal = B68013542215E80B00706330 /* Project object */;
			proxyType = 1;
			remoteGlobalIDString = B680135B2215E80B00706330;
			remoteInfo = CustomSlider;
		};
/* End PBXContainerItemProxy section */

/* Begin PBXFileReference section */
		B680135C2215E80B00706330 /* CustomSlider.app */ = {isa = PBXFileReference; explicitFileType = wrapper.application; includeInIndex = 0; path = CustomSlider.app; sourceTree = BUILT_PRODUCTS_DIR; };
		B680135F2215E80B00706330 /* AppDelegate.swift */ = {isa = PBXFileReference; lastKnownFileType = sourcecode.swift; path = AppDelegate.swift; sourceTree = "<group>"; };
		B68013612215E80B00706330 /* ViewController.swift */ = {isa = PBXFileReference; lastKnownFileType = sourcecode.swift; path = ViewController.swift; sourceTree = "<group>"; };
		B68013642215E80B00706330 /* Base */ = {isa = PBXFileReference; lastKnownFileType = file.storyboard; name = Base; path = Base.lproj/Main.storyboard; sourceTree = "<group>"; };
		B68013662215E80C00706330 /* Assets.xcassets */ = {isa = PBXFileReference; lastKnownFileType = folder.assetcatalog; path = Assets.xcassets; sourceTree = "<group>"; };
		B68013692215E80C00706330 /* Base */ = {isa = PBXFileReference; lastKnownFileType = file.storyboard; name = Base; path = Base.lproj/LaunchScreen.storyboard; sourceTree = "<group>"; };
		B680136B2215E80C00706330 /* Info.plist */ = {isa = PBXFileReference; lastKnownFileType = text.plist.xml; path = Info.plist; sourceTree = "<group>"; };
		B68013702215E80C00706330 /* CustomSliderTests.xctest */ = {isa = PBXFileReference; explicitFileType = wrapper.cfbundle; includeInIndex = 0; path = CustomSliderTests.xctest; sourceTree = BUILT_PRODUCTS_DIR; };
		B68013742215E80C00706330 /* CustomSliderTests.swift */ = {isa = PBXFileReference; lastKnownFileType = sourcecode.swift; path = CustomSliderTests.swift; sourceTree = "<group>"; };
		B68013762215E80C00706330 /* Info.plist */ = {isa = PBXFileReference; lastKnownFileType = text.plist.xml; path = Info.plist; sourceTree = "<group>"; };
		B680137B2215E80C00706330 /* CustomSliderUITests.xctest */ = {isa = PBXFileReference; explicitFileType = wrapper.cfbundle; includeInIndex = 0; path = CustomSliderUITests.xctest; sourceTree = BUILT_PRODUCTS_DIR; };
		B680137F2215E80C00706330 /* CustomSliderUITests.swift */ = {isa = PBXFileReference; lastKnownFileType = sourcecode.swift; path = CustomSliderUITests.swift; sourceTree = "<group>"; };
		B68013812215E80C00706330 /* Info.plist */ = {isa = PBXFileReference; lastKnownFileType = text.plist.xml; path = Info.plist; sourceTree = "<group>"; };
		B680138D2215E84C00706330 /* CustomSlider.swift */ = {isa = PBXFileReference; lastKnownFileType = sourcecode.swift; path = CustomSlider.swift; sourceTree = "<group>"; };
/* End PBXFileReference section */

/* Begin PBXFrameworksBuildPhase section */
		B68013592215E80B00706330 /* Frameworks */ = {
			isa = PBXFrameworksBuildPhase;
			buildActionMask = 2147483647;
			files = (
			);
			runOnlyForDeploymentPostprocessing = 0;
		};
		B680136D2215E80C00706330 /* Frameworks */ = {
			isa = PBXFrameworksBuildPhase;
			buildActionMask = 2147483647;
			files = (
			);
			runOnlyForDeploymentPostprocessing = 0;
		};
		B68013782215E80C00706330 /* Frameworks */ = {
			isa = PBXFrameworksBuildPhase;
			buildActionMask = 2147483647;
			files = (
			);
			runOnlyForDeploymentPostprocessing = 0;
		};
/* End PBXFrameworksBuildPhase section */

/* Begin PBXGroup section */
		B68013532215E80B00706330 = {
			isa = PBXGroup;
			children = (
				B680135E2215E80B00706330 /* CustomSlider */,
				B68013732215E80C00706330 /* CustomSliderTests */,
				B680137E2215E80C00706330 /* CustomSliderUITests */,
				B680135D2215E80B00706330 /* Products */,
			);
			sourceTree = "<group>";
		};
		B680135D2215E80B00706330 /* Products */ = {
			isa = PBXGroup;
			children = (
				B680135C2215E80B00706330 /* CustomSlider.app */,
				B68013702215E80C00706330 /* CustomSliderTests.xctest */,
				B680137B2215E80C00706330 /* CustomSliderUITests.xctest */,
			);
			name = Products;
			sourceTree = "<group>";
		};
		B680135E2215E80B00706330 /* CustomSlider */ = {
			isa = PBXGroup;
			children = (
				B680135F2215E80B00706330 /* AppDelegate.swift */,
				B68013612215E80B00706330 /* ViewController.swift */,
				B680138D2215E84C00706330 /* CustomSlider.swift */,
				B68013632215E80B00706330 /* Main.storyboard */,
				B68013662215E80C00706330 /* Assets.xcassets */,
				B68013682215E80C00706330 /* LaunchScreen.storyboard */,
				B680136B2215E80C00706330 /* Info.plist */,
			);
			path = CustomSlider;
			sourceTree = "<group>";
		};
		B68013732215E80C00706330 /* CustomSliderTests */ = {
			isa = PBXGroup;
			children = (
				B68013742215E80C00706330 /* CustomSliderTests.swift */,
				B68013762215E80C00706330 /* Info.plist */,
			);
			path = CustomSliderTests;
			sourceTree = "<group>";
		};
		B680137E2215E80C00706330 /* CustomSliderUITests */ = {
			isa = PBXGroup;
			children = (
				B680137F2215E80C00706330 /* CustomSliderUITests.swift */,
				B68013812215E80C00706330 /* Info.plist */,
			);
			path = CustomSliderUITests;
			sourceTree = "<group>";
		};
/* End PBXGroup section */

/* Begin PBXNativeTarget section */
		B680135B2215E80B00706330 /* CustomSlider */ = {
			isa = PBXNativeTarget;
			buildConfigurationList = B68013842215E80C00706330 /* Build configuration list for PBXNativeTarget "CustomSlider" */;
			buildPhases = (
				B68013582215E80B00706330 /* Sources */,
				B68013592215E80B00706330 /* Frameworks */,
				B680135A2215E80B00706330 /* Resources */,
			);
			buildRules = (
			);
			dependencies = (
			);
			name = CustomSlider;
			productName = CustomSlider;
			productReference = B680135C2215E80B00706330 /* CustomSlider.app */;
			productType = "com.apple.product-type.application";
		};
		B680136F2215E80C00706330 /* CustomSliderTests */ = {
			isa = PBXNativeTarget;
			buildConfigurationList = B68013872215E80C00706330 /* Build configuration list for PBXNativeTarget "CustomSliderTests" */;
			buildPhases = (
				B680136C2215E80C00706330 /* Sources */,
				B680136D2215E80C00706330 /* Frameworks */,
				B680136E2215E80C00706330 /* Resources */,
			);
			buildRules = (
			);
			dependencies = (
				B68013722215E80C00706330 /* PBXTargetDependency */,
			);
			name = CustomSliderTests;
			productName = CustomSliderTests;
			productReference = B68013702215E80C00706330 /* CustomSliderTests.xctest */;
			productType = "com.apple.product-type.bundle.unit-test";
		};
		B680137A2215E80C00706330 /* CustomSliderUITests */ = {
			isa = PBXNativeTarget;
			buildConfigurationList = B680138A2215E80C00706330 /* Build configuration list for PBXNativeTarget "CustomSliderUITests" */;
			buildPhases = (
				B68013772215E80C00706330 /* Sources */,
				B68013782215E80C00706330 /* Frameworks */,
				B68013792215E80C00706330 /* Resources */,
			);
			buildRules = (
			);
			dependencies = (
				B680137D2215E80C00706330 /* PBXTargetDependency */,
			);
			name = CustomSliderUITests;
			productName = CustomSliderUITests;
			productReference = B680137B2215E80C00706330 /* CustomSliderUITests.xctest */;
			productType = "com.apple.product-type.bundle.ui-testing";
		};
/* End PBXNativeTarget section */

/* Begin PBXProject section */
		B68013542215E80B00706330 /* Project object */ = {
			isa = PBXProject;
			attributes = {
				LastSwiftUpdateCheck = 1010;
				LastUpgradeCheck = 1010;
				ORGANIZATIONNAME = manas;
				TargetAttributes = {
					B680135B2215E80B00706330 = {
						CreatedOnToolsVersion = 10.1;
					};
					B680136F2215E80C00706330 = {
						CreatedOnToolsVersion = 10.1;
						TestTargetID = B680135B2215E80B00706330;
					};
					B680137A2215E80C00706330 = {
						CreatedOnToolsVersion = 10.1;
						TestTargetID = B680135B2215E80B00706330;
					};
				};
			};
			buildConfigurationList = B68013572215E80B00706330 /* Build configuration list for PBXProject "CustomSlider" */;
			compatibilityVersion = "Xcode 9.3";
			developmentRegion = en;
			hasScannedForEncodings = 0;
			knownRegions = (
				en,
				Base,
			);
			mainGroup = B68013532215E80B00706330;
			productRefGroup = B680135D2215E80B00706330 /* Products */;
			projectDirPath = "";
			projectRoot = "";
			targets = (
				B680135B2215E80B00706330 /* CustomSlider */,
				B680136F2215E80C00706330 /* CustomSliderTests */,
				B680137A2215E80C00706330 /* CustomSliderUITests */,
			);
		};
/* End PBXProject section */

/* Begin PBXResourcesBuildPhase section */
		B680135A2215E80B00706330 /* Resources */ = {
			isa = PBXResourcesBuildPhase;
			buildActionMask = 2147483647;
			files = (
				B680136A2215E80C00706330 /* LaunchScreen.storyboard in Resources */,
				B68013672215E80C00706330 /* Assets.xcassets in Resources */,
				B68013652215E80B00706330 /* Main.storyboard in Resources */,
			);
			runOnlyForDeploymentPostprocessing = 0;
		};
		B680136E2215E80C00706330 /* Resources */ = {
			isa = PBXResourcesBuildPhase;
			buildActionMask = 2147483647;
			files = (
			);
			runOnlyForDeploymentPostprocessing = 0;
		};
		B68013792215E80C00706330 /* Resources */ = {
			isa = PBXResourcesBuildPhase;
			buildActionMask = 2147483647;
			files = (
			);
			runOnlyForDeploymentPostprocessing = 0;
		};
/* End PBXResourcesBuildPhase section */

/* Begin PBXSourcesBuildPhase section */
		B68013582215E80B00706330 /* Sources */ = {
			isa = PBXSourcesBuildPhase;
			buildActionMask = 2147483647;
			files = (
				B68013622215E80B00706330 /* ViewController.swift in Sources */,
				B680138E2215E84C00706330 /* CustomSlider.swift in Sources */,
				B68013602215E80B00706330 /* AppDelegate.swift in Sources */,
			);
			runOnlyForDeploymentPostprocessing = 0;
		};
		B680136C2215E80C00706330 /* Sources */ = {
			isa = PBXSourcesBuildPhase;
			buildActionMask = 2147483647;
			files = (
				B68013752215E80C00706330 /* CustomSliderTests.swift in Sources */,
			);
			runOnlyForDeploymentPostprocessing = 0;
		};
		B68013772215E80C00706330 /* Sources */ = {
			isa = PBXSourcesBuildPhase;
			buildActionMask = 2147483647;
			files = (
				B68013802215E80C00706330 /* CustomSliderUITests.swift in Sources */,
			);
			runOnlyForDeploymentPostprocessing = 0;
		};
/* End PBXSourcesBuildPhase section */

/* Begin PBXTargetDependency section */
		B68013722215E80C00706330 /* PBXTargetDependency */ = {
			isa = PBXTargetDependency;
			target = B680135B2215E80B00706330 /* CustomSlider */;
			targetProxy = B68013712215E80C00706330 /* PBXContainerItemProxy */;
		};
		B680137D2215E80C00706330 /* PBXTargetDependency */ = {
			isa = PBXTargetDependency;
			target = B680135B2215E80B00706330 /* CustomSlider */;
			targetProxy = B680137C2215E80C00706330 /* PBXContainerItemProxy */;
		};
/* End PBXTargetDependency section */

/* Begin PBXVariantGroup section */
		B68013632215E80B00706330 /* Main.storyboard */ = {
			isa = PBXVariantGroup;
			children = (
				B68013642215E80B00706330 /* Base */,
			);
			name = Main.storyboard;
			sourceTree = "<group>";
		};
		B68013682215E80C00706330 /* LaunchScreen.storyboard */ = {
			isa = PBXVariantGroup;
			children = (
				B68013692215E80C00706330 /* Base */,
			);
			name = LaunchScreen.storyboard;
			sourceTree = "<group>";
		};
/* End PBXVariantGroup section */

/* Begin XCBuildConfiguration section */
		B68013822215E80C00706330 /* Debug */ = {
			isa = XCBuildConfiguration;
			buildSettings = {
				ALWAYS_SEARCH_USER_PATHS = NO;
				CLANG_ANALYZER_NONNULL = YES;
				CLANG_ANALYZER_NUMBER_OBJECT_CONVERSION = YES_AGGRESSIVE;
				CLANG_CXX_LANGUAGE_STANDARD = "gnu++14";
				CLANG_CXX_LIBRARY = "libc++";
				CLANG_ENABLE_MODULES = YES;
				CLANG_ENABLE_OBJC_ARC = YES;
				CLANG_ENABLE_OBJC_WEAK = YES;
				CLANG_WARN_BLOCK_CAPTURE_AUTORELEASING = YES;
				CLANG_WARN_BOOL_CONVERSION = YES;
				CLANG_WARN_COMMA = YES;
				CLANG_WARN_CONSTANT_CONVERSION = YES;
				CLANG_WARN_DEPRECATED_OBJC_IMPLEMENTATIONS = YES;
				CLANG_WARN_DIRECT_OBJC_ISA_USAGE = YES_ERROR;
				CLANG_WARN_DOCUMENTATION_COMMENTS = YES;
				CLANG_WARN_EMPTY_BODY = YES;
				CLANG_WARN_ENUM_CONVERSION = YES;
				CLANG_WARN_INFINITE_RECURSION = YES;
				CLANG_WARN_INT_CONVERSION = YES;
				CLANG_WARN_NON_LITERAL_NULL_CONVERSION = YES;
				CLANG_WARN_OBJC_IMPLICIT_RETAIN_SELF = YES;
				CLANG_WARN_OBJC_LITERAL_CONVERSION = YES;
				CLANG_WARN_OBJC_ROOT_CLASS = YES_ERROR;
				CLANG_WARN_RANGE_LOOP_ANALYSIS = YES;
				CLANG_WARN_STRICT_PROTOTYPES = YES;
				CLANG_WARN_SUSPICIOUS_MOVE = YES;
				CLANG_WARN_UNGUARDED_AVAILABILITY = YES_AGGRESSIVE;
				CLANG_WARN_UNREACHABLE_CODE = YES;
				CLANG_WARN__DUPLICATE_METHOD_MATCH = YES;
				CODE_SIGN_IDENTITY = "iPhone Developer";
				COPY_PHASE_STRIP = NO;
				DEBUG_INFORMATION_FORMAT = dwarf;
				ENABLE_STRICT_OBJC_MSGSEND = YES;
				ENABLE_TESTABILITY = YES;
				GCC_C_LANGUAGE_STANDARD = gnu11;
				GCC_DYNAMIC_NO_PIC = NO;
				GCC_NO_COMMON_BLOCKS = YES;
				GCC_OPTIMIZATION_LEVEL = 0;
				GCC_PREPROCESSOR_DEFINITIONS = (
					"DEBUG=1",
					"$(inherited)",
				);
				GCC_WARN_64_TO_32_BIT_CONVERSION = YES;
				GCC_WARN_ABOUT_RETURN_TYPE = YES_ERROR;
				GCC_WARN_UNDECLARED_SELECTOR = YES;
				GCC_WARN_UNINITIALIZED_AUTOS = YES_AGGRESSIVE;
				GCC_WARN_UNUSED_FUNCTION = YES;
				GCC_WARN_UNUSED_VARIABLE = YES;
				IPHONEOS_DEPLOYMENT_TARGET = 12.1;
				MTL_ENABLE_DEBUG_INFO = INCLUDE_SOURCE;
				MTL_FAST_MATH = YES;
				ONLY_ACTIVE_ARCH = YES;
				SDKROOT = iphoneos;
				SWIFT_ACTIVE_COMPILATION_CONDITIONS = DEBUG;
				SWIFT_OPTIMIZATION_LEVEL = "-Onone";
			};
			name = Debug;
		};
		B68013832215E80C00706330 /* Release */ = {
			isa = XCBuildConfiguration;
			buildSettings = {
				ALWAYS_SEARCH_USER_PATHS = NO;
				CLANG_ANALYZER_NONNULL = YES;
				CLANG_ANALYZER_NUMBER_OBJECT_CONVERSION = YES_AGGRESSIVE;
				CLANG_CXX_LANGUAGE_STANDARD = "gnu++14";
				CLANG_CXX_LIBRARY = "libc++";
				CLANG_ENABLE_MODULES = YES;
				CLANG_ENABLE_OBJC_ARC = YES;
				CLANG_ENABLE_OBJC_WEAK = YES;
				CLANG_WARN_BLOCK_CAPTURE_AUTORELEASING = YES;
				CLANG_WARN_BOOL_CONVERSION = YES;
				CLANG_WARN_COMMA = YES;
				CLANG_WARN_CONSTANT_CONVERSION = YES;
				CLANG_WARN_DEPRECATED_OBJC_IMPLEMENTATIONS = YES;
				CLANG_WARN_DIRECT_OBJC_ISA_USAGE = YES_ERROR;
				CLANG_WARN_DOCUMENTATION_COMMENTS = YES;
				CLANG_WARN_EMPTY_BODY = YES;
				CLANG_WARN_ENUM_CONVERSION = YES;
				CLANG_WARN_INFINITE_RECURSION = YES;
				CLANG_WARN_INT_CONVERSION = YES;
				CLANG_WARN_NON_LITERAL_NULL_CONVERSION = YES;
				CLANG_WARN_OBJC_IMPLICIT_RETAIN_SELF = YES;
				CLANG_WARN_OBJC_LITERAL_CONVERSION = YES;
				CLANG_WARN_OBJC_ROOT_CLASS = YES_ERROR;
				CLANG_WARN_RANGE_LOOP_ANALYSIS = YES;
				CLANG_WARN_STRICT_PROTOTYPES = YES;
				CLANG_WARN_SUSPICIOUS_MOVE = YES;
				CLANG_WARN_UNGUARDED_AVAILABILITY = YES_AGGRESSIVE;
				CLANG_WARN_UNREACHABLE_CODE = YES;
				CLANG_WARN__DUPLICATE_METHOD_MATCH = YES;
				CODE_SIGN_IDENTITY = "iPhone Developer";
				COPY_PHASE_STRIP = NO;
				DEBUG_INFORMATION_FORMAT = "dwarf-with-dsym";
				ENABLE_NS_ASSERTIONS = NO;
				ENABLE_STRICT_OBJC_MSGSEND = YES;
				GCC_C_LANGUAGE_STANDARD = gnu11;
				GCC_NO_COMMON_BLOCKS = YES;
				GCC_WARN_64_TO_32_BIT_CONVERSION = YES;
				GCC_WARN_ABOUT_RETURN_TYPE = YES_ERROR;
				GCC_WARN_UNDECLARED_SELECTOR = YES;
				GCC_WARN_UNINITIALIZED_AUTOS = YES_AGGRESSIVE;
				GCC_WARN_UNUSED_FUNCTION = YES;
				GCC_WARN_UNUSED_VARIABLE = YES;
				IPHONEOS_DEPLOYMENT_TARGET = 12.1;
				MTL_ENABLE_DEBUG_INFO = NO;
				MTL_FAST_MATH = YES;
				SDKROOT = iphoneos;
				SWIFT_COMPILATION_MODE = wholemodule;
				SWIFT_OPTIMIZATION_LEVEL = "-O";
				VALIDATE_PRODUCT = YES;
			};
			name = Release;
		};
		B68013852215E80C00706330 /* Debug */ = {
			isa = XCBuildConfiguration;
			buildSettings = {
				ASSETCATALOG_COMPILER_APPICON_NAME = AppIcon;
				CODE_SIGN_STYLE = Automatic;
				DEVELOPMENT_TEAM = SYLNKVDPN7;
				INFOPLIST_FILE = CustomSlider/Info.plist;
				IPHONEOS_DEPLOYMENT_TARGET = 10.0;
				LD_RUNPATH_SEARCH_PATHS = (
					"$(inherited)",
					"@executable_path/Frameworks",
				);
				PRODUCT_BUNDLE_IDENTIFIER = com.manas.CustomSlider;
				PRODUCT_NAME = "$(TARGET_NAME)";
				SWIFT_VERSION = 4.2;
				TARGETED_DEVICE_FAMILY = "1,2";
			};
			name = Debug;
		};
		B68013862215E80C00706330 /* Release */ = {
			isa = XCBuildConfiguration;
			buildSettings = {
				ASSETCATALOG_COMPILER_APPICON_NAME = AppIcon;
				CODE_SIGN_STYLE = Automatic;
				DEVELOPMENT_TEAM = SYLNKVDPN7;
				INFOPLIST_FILE = CustomSlider/Info.plist;
				IPHONEOS_DEPLOYMENT_TARGET = 10.0;
				LD_RUNPATH_SEARCH_PATHS = (
					"$(inherited)",
					"@executable_path/Frameworks",
				);
				PRODUCT_BUNDLE_IDENTIFIER = com.manas.CustomSlider;
				PRODUCT_NAME = "$(TARGET_NAME)";
				SWIFT_VERSION = 4.2;
				TARGETED_DEVICE_FAMILY = "1,2";
			};
			name = Release;
		};
		B68013882215E80C00706330 /* Debug */ = {
			isa = XCBuildConfiguration;
			buildSettings = {
				ALWAYS_EMBED_SWIFT_STANDARD_LIBRARIES = YES;
				BUNDLE_LOADER = "$(TEST_HOST)";
				CODE_SIGN_STYLE = Automatic;
				DEVELOPMENT_TEAM = AQ6PMKC8S6;
				INFOPLIST_FILE = CustomSliderTests/Info.plist;
				LD_RUNPATH_SEARCH_PATHS = (
					"$(inherited)",
					"@executable_path/Frameworks",
					"@loader_path/Frameworks",
				);
				PRODUCT_BUNDLE_IDENTIFIER = com.manas.CustomSliderTests;
				PRODUCT_NAME = "$(TARGET_NAME)";
				SWIFT_VERSION = 4.2;
				TARGETED_DEVICE_FAMILY = "1,2";
				TEST_HOST = "$(BUILT_PRODUCTS_DIR)/CustomSlider.app/CustomSlider";
			};
			name = Debug;
		};
		B68013892215E80C00706330 /* Release */ = {
			isa = XCBuildConfiguration;
			buildSettings = {
				ALWAYS_EMBED_SWIFT_STANDARD_LIBRARIES = YES;
				BUNDLE_LOADER = "$(TEST_HOST)";
				CODE_SIGN_STYLE = Automatic;
				DEVELOPMENT_TEAM = AQ6PMKC8S6;
				INFOPLIST_FILE = CustomSliderTests/Info.plist;
				LD_RUNPATH_SEARCH_PATHS = (
					"$(inherited)",
					"@executable_path/Frameworks",
					"@loader_path/Frameworks",
				);
				PRODUCT_BUNDLE_IDENTIFIER = com.manas.CustomSliderTests;
				PRODUCT_NAME = "$(TARGET_NAME)";
				SWIFT_VERSION = 4.2;
				TARGETED_DEVICE_FAMILY = "1,2";
				TEST_HOST = "$(BUILT_PRODUCTS_DIR)/CustomSlider.app/CustomSlider";
			};
			name = Release;
		};
		B680138B2215E80C00706330 /* Debug */ = {
			isa = XCBuildConfiguration;
			buildSettings = {
				ALWAYS_EMBED_SWIFT_STANDARD_LIBRARIES = YES;
				CODE_SIGN_STYLE = Automatic;
				DEVELOPMENT_TEAM = AQ6PMKC8S6;
				INFOPLIST_FILE = CustomSliderUITests/Info.plist;
				LD_RUNPATH_SEARCH_PATHS = (
					"$(inherited)",
					"@executable_path/Frameworks",
					"@loader_path/Frameworks",
				);
				PRODUCT_BUNDLE_IDENTIFIER = com.manas.CustomSliderUITests;
				PRODUCT_NAME = "$(TARGET_NAME)";
				SWIFT_VERSION = 4.2;
				TARGETED_DEVICE_FAMILY = "1,2";
				TEST_TARGET_NAME = CustomSlider;
			};
			name = Debug;
		};
		B680138C2215E80C00706330 /* Release */ = {
			isa = XCBuildConfiguration;
			buildSettings = {
				ALWAYS_EMBED_SWIFT_STANDARD_LIBRARIES = YES;
				CODE_SIGN_STYLE = Automatic;
				DEVELOPMENT_TEAM = AQ6PMKC8S6;
				INFOPLIST_FILE = CustomSliderUITests/Info.plist;
				LD_RUNPATH_SEARCH_PATHS = (
					"$(inherited)",
					"@executable_path/Frameworks",
					"@loader_path/Frameworks",
				);
				PRODUCT_BUNDLE_IDENTIFIER = com.manas.CustomSliderUITests;
				PRODUCT_NAME = "$(TARGET_NAME)";
				SWIFT_VERSION = 4.2;
				TARGETED_DEVICE_FAMILY = "1,2";
				TEST_TARGET_NAME = CustomSlider;
			};
			name = Release;
		};
/* End XCBuildConfiguration section */

/* Begin XCConfigurationList section */
		B68013572215E80B00706330 /* Build configuration list for PBXProject "CustomSlider" */ = {
			isa = XCConfigurationList;
			buildConfigurations = (
				B68013822215E80C00706330 /* Debug */,
				B68013832215E80C00706330 /* Release */,
			);
			defaultConfigurationIsVisible = 0;
			defaultConfigurationName = Release;
		};
		B68013842215E80C00706330 /* Build configuration list for PBXNativeTarget "CustomSlider" */ = {
			isa = XCConfigurationList;
			buildConfigurations = (
				B68013852215E80C00706330 /* Debug */,
				B68013862215E80C00706330 /* Release */,
			);
			defaultConfigurationIsVisible = 0;
			defaultConfigurationName = Release;
		};
		B68013872215E80C00706330 /* Build configuration list for PBXNativeTarget "CustomSliderTests" */ = {
			isa = XCConfigurationList;
			buildConfigurations = (
				B68013882215E80C00706330 /* Debug */,
				B68013892215E80C00706330 /* Release */,
			);
			defaultConfigurationIsVisible = 0;
			defaultConfigurationName = Release;
		};
		B680138A2215E80C00706330 /* Build configuration list for PBXNativeTarget "CustomSliderUITests" */ = {
			isa = XCConfigurationList;
			buildConfigurations = (
				B680138B2215E80C00706330 /* Debug */,
				B680138C2215E80C00706330 /* Release */,
			);
			defaultConfigurationIsVisible = 0;
			defaultConfigurationName = Release;
		};
/* End XCConfigurationList section */
	};
	rootObject = B68013542215E80B00706330 /* Project object */;
}
